{
	"name": "@da-core/zip-it",
	"version": "2.1.0",
	"lockfileVersion": 3,
	"requires": true,
	"packages": {
		"": {
			"name": "@da-core/zip-it",
			"version": "2.1.0",
			"license": "MIT",
			"dependencies": {
				"yazl": "^3.3.1"
			},
			"bin": {
				"zip-it": "bin/zip-it.cjs",
				"zip-it-dotnet-init": "bin/zip-it-dotnet-init.cjs"
			},
			"devDependencies": {
				"@types/node": "^26.0.0",
				"@types/yazl": "^3.3.1",
				"typescript": "^6.0.3"
			},
			"engines": {
				"node": ">=20"
			}
		},
		"node_modules/@types/node": {
			"version": "26.0.0",
			"resolved": "https://registry.npmjs.org/@types/node/-/node-26.0.0.tgz",
			"integrity": "sha512-vf2YFi1iY9lHGwNJMs01biZFbKJkrZR1T6/MlzjhJLPdntOHLhTrDSnSVcdtvjihi4VQNlrFRIxLsDBlQpAipA==",
			"dev": true,
			"license": "MIT",
			"dependencies": {
				"undici-types": "~8.3.0"
			}
		},
		"node_modules/@types/yazl": {
			"version": "3.3.1",
			"resolved": "https://registry.npmjs.org/@types/yazl/-/yazl-3.3.1.tgz",
			"integrity": "sha512-DIWfCKpsTp6hE5BDBHV3+fIL/bLUF9Bv13iDrWnMlmhQpH67buNvI291ZauQ1xcccxK3FqQ9honnXpq4R8NMuQ==",
			"dev": true,
			"license": "MIT",
			"dependencies": {
				"@types/node": "*"
			}
		},
		"node_modules/buffer-crc32": {
			"version": "1.0.0",
			"resolved": "https://registry.npmjs.org/buffer-crc32/-/buffer-crc32-1.0.0.tgz",
			"integrity": "sha512-Db1SbgBS/fg/392AblrMJk97KggmvYhr4pB5ZIMTWtaivCPMWLkmb7m21cJvpvgK+J3nsU2CmmixNBZx4vFj/w==",
			"license": "MIT",
			"engines": {
				"node": ">=8.0.0"
			}
		},
		"node_modules/typescript": {
			"version": "6.0.3",
			"resolved": "https://registry.npmjs.org/typescript/-/typescript-6.0.3.tgz",
			"integrity": "sha512-y2TvuxSZPDyQakkFRPZHKFm+KKVqIisdg9/CZwm9ftvKXLP8NRWj38/ODjNbr43SsoXqNuAisEf1GdCxqWcdBw==",
			"dev": true,
			"license": "Apache-2.0",
			"bin": {
				"tsc": "bin/tsc",
				"tsserver": "bin/tsserver"
			},
			"engines": {
				"node": ">=14.17"
			}
		},
		"node_modules/undici-types": {
			"version": "8.3.0",
			"resolved": "https://registry.npmjs.org/undici-types/-/undici-types-8.3.0.tgz",
			"integrity": "sha512-j375ScV60dom+YkPFIfTLcOiPxkN/buHz5GobjLhixFuANaNs3C9l4GmrWqejgXWJ7BbJcFYpTEUkS1Ge8bpZQ==",
			"dev": true,
			"license": "MIT"
		},
		"node_modules/yazl": {
			"version": "3.3.1",
			"resolved": "https://registry.npmjs.org/yazl/-/yazl-3.3.1.tgz",
			"integrity": "sha512-BbETDVWG+VcMUle37k5Fqp//7SDOK2/1+T7X8TD96M3D9G8jK5VLUdQVdVjGi8im7FGkazX7kk5hkU8X4L5Bng==",
			"license": "MIT",
			"dependencies": {
				"buffer-crc32": "^1.0.0"
			}
		}
	}
}
